
Microsoft Visual Studio Solution File, Format Version 12.00
# Visual Studio Version 17
VisualStudioVersion = 17.4.33213.308
MinimumVisualStudioVersion = 10.0.40219.1
Project("{FAE04EC0-301F-11D3-BF4B-00C04F79EFBC}") = "Week6StringsAndArrays", "Week6StringsAndArrays\Week6StringsAndArrays.csproj", "{3B1D9FE2-179A-41FF-BF71-FB714263CF7C}"
EndProject
Project("{FAE04EC0-301F-11D3-BF4B-00C04F79EFBC}") = "Arrays", "Arrays\Arrays.csproj", "{E030536F-438A-42D1-BF27-7DE57F29641A}"
EndProject
Project("{FAE04EC0-301F-11D3-BF4B-00C04F79EFBC}") = "NumberArrays", "NumberArrays\NumberArrays.csproj", "{7E773830-A421-46BD-B45D-AFE832101E13}"
EndProject
Project("{FAE04EC0-301F-11D3-BF4B-00C04F79EFBC}") = "RandomElement", "RandomElement\RandomElement.csproj", "{AFE23663-BC19-4ECA-A143-067B5BD676D3}"
EndProject
Global
	GlobalSection(SolutionConfigurationPlatforms) = preSolution
		Debug|Any CPU = Debug|Any CPU
		Release|Any CPU = Release|Any CPU
	EndGlobalSection
	GlobalSection(ProjectConfigurationPlatforms) = postSolution
		{3B1D9FE2-179A-41FF-BF71-FB714263CF7C}.Debug|Any CPU.ActiveCfg = Debug|Any CPU
		{3B1D9FE2-179A-41FF-BF71-FB714263CF7C}.Debug|Any CPU.Build.0 = Debug|Any CPU
		{3B1D9FE2-179A-41FF-BF71-FB714263CF7C}.Release|Any CPU.ActiveCfg = Release|Any CPU
		{3B1D9FE2-179A-41FF-BF71-FB714263CF7C}.Release|Any CPU.Build.0 = Release|Any CPU
		{E030536F-438A-42D1-BF27-7DE57F29641A}.Debug|Any CPU.ActiveCfg = Debug|Any CPU
		{E030536F-438A-42D1-BF27-7DE57F29641A}.Debug|Any CPU.Build.0 = Debug|Any CPU
		{E030536F-438A-42D1-BF27-7DE57F29641A}.Release|Any CPU.ActiveCfg = Release|Any CPU
		{E030536F-438A-42D1-BF27-7DE57F29641A}.Release|Any CPU.Build.0 = Release|Any CPU
		{7E773830-A421-46BD-B45D-AFE832101E13}.Debug|Any CPU.ActiveCfg = Debug|Any CPU
		{7E773830-A421-46BD-B45D-AFE832101E13}.Debug|Any CPU.Build.0 = Debug|Any CPU
		{7E773830-A421-46BD-B45D-AFE832101E13}.Release|Any CPU.ActiveCfg = Release|Any CPU
		{7E773830-A421-46BD-B45D-AFE832101E13}.Release|Any CPU.Build.0 = Release|Any CPU
		{AFE23663-BC19-4ECA-A143-067B5BD676D3}.Debug|Any CPU.ActiveCfg = Debug|Any CPU
		{AFE23663-BC19-4ECA-A143-067B5BD676D3}.Debug|Any CPU.Build.0 = Debug|Any CPU
		{AFE23663-BC19-4ECA-A143-067B5BD676D3}.Release|Any CPU.ActiveCfg = Release|Any CPU
		{AFE23663-BC19-4ECA-A143-067B5BD676D3}.Release|Any CPU.Build.0 = Release|Any CPU
	EndGlobalSection
	GlobalSection(SolutionProperties) = preSolution
		HideSolutionNode = FALSE
	EndGlobalSection
	GlobalSection(ExtensibilityGlobals) = postSolution
		SolutionGuid = {5852856E-2740-4213-B1EA-61F96494F939}
	EndGlobalSection
EndGlobal
